
Microsoft Visual Studio Solution File, Format Version 12.00
# Visual Studio 15
Project("{FAE04EC0-301F-11D3-BF4B-00C04F79EFBC}") = "Assembly-CSharp", "Assembly-CSharp.csproj", "{F476A8B5-590C-CB5B-BE0B-39A728C12773}"
EndProject
Project("{FAE04EC0-301F-11D3-BF4B-00C04F79EFBC}") = "SteamVR", "SteamVR.csproj", "{C88AAB28-284F-1055-450F-94555ED936D8}"
EndProject
Project("{FAE04EC0-301F-11D3-BF4B-00C04F79EFBC}") = "Oculus.VR", "Oculus.VR.csproj", "{4B4430ED-AB90-CA22-5DD9-4FBBF427EC02}"
EndProject
Project("{FAE04EC0-301F-11D3-BF4B-00C04F79EFBC}") = "Assembly-CSharp-firstpass", "Assembly-CSharp-firstpass.csproj", "{F9CBF61F-CECE-45DD-A5C4-234B5413B17D}"
EndProject
Project("{FAE04EC0-301F-11D3-BF4B-00C04F79EFBC}") = "SteamVR_Actions", "SteamVR_Actions.csproj", "{BFB8158F-63C0-6160-907B-0320A8958C70}"
EndProject
Project("{FAE04EC0-301F-11D3-BF4B-00C04F79EFBC}") = "SteamVR_Editor", "SteamVR_Editor.csproj", "{B6EAB742-1C78-C8BE-59D1-32EFA46C60D2}"
EndProject
Project("{FAE04EC0-301F-11D3-BF4B-00C04F79EFBC}") = "Assembly-CSharp-Editor", "Assembly-CSharp-Editor.csproj", "{8577E3CD-421D-0C00-5142-139D6BB91B96}"
EndProject
Project("{FAE04EC0-301F-11D3-BF4B-00C04F79EFBC}") = "Oculus.VR.Scripts.Editor", "Oculus.VR.Scripts.Editor.csproj", "{22A9BB88-22B3-519A-A6C3-27631881EA25}"
EndProject
Project("{FAE04EC0-301F-11D3-BF4B-00C04F79EFBC}") = "Oculus.VR.Editor", "Oculus.VR.Editor.csproj", "{23F065B2-D139-46D1-A54D-C25D14EB648F}"
EndProject
Project("{FAE04EC0-301F-11D3-BF4B-00C04F79EFBC}") = "SteamVR_Input_Editor", "SteamVR_Input_Editor.csproj", "{0BEFCE88-9B98-D90B-F26A-5BD4B67F71E8}"
EndProject
Project("{FAE04EC0-301F-11D3-BF4B-00C04F79EFBC}") = "SteamVR_Windows_EditorHelper", "SteamVR_Windows_EditorHelper.csproj", "{296AB67D-05ED-FA38-AA00-DCBE2A421CCA}"
EndProject
Project("{FAE04EC0-301F-11D3-BF4B-00C04F79EFBC}") = "Assembly-CSharp-Editor-firstpass", "Assembly-CSharp-Editor-firstpass.csproj", "{B90048C3-CE5E-A68A-8347-1F13EB689ADC}"
EndProject
Global
	GlobalSection(SolutionConfigurationPlatforms) = preSolution
		Debug|Any CPU = Debug|Any CPU
		Release|Any CPU = Release|Any CPU
	EndGlobalSection
	GlobalSection(ProjectConfigurationPlatforms) = postSolution
		{F476A8B5-590C-CB5B-BE0B-39A728C12773}.Debug|Any CPU.ActiveCfg = Debug|Any CPU
		{F476A8B5-590C-CB5B-BE0B-39A728C12773}.Debug|Any CPU.Build.0 = Debug|Any CPU
		{F476A8B5-590C-CB5B-BE0B-39A728C12773}.Release|Any CPU.ActiveCfg = Release|Any CPU
		{F476A8B5-590C-CB5B-BE0B-39A728C12773}.Release|Any CPU.Build.0 = Release|Any CPU
		{C88AAB28-284F-1055-450F-94555ED936D8}.Debug|Any CPU.ActiveCfg = Debug|Any CPU
		{C88AAB28-284F-1055-450F-94555ED936D8}.Debug|Any CPU.Build.0 = Debug|Any CPU
		{C88AAB28-284F-1055-450F-94555ED936D8}.Release|Any CPU.ActiveCfg = Release|Any CPU
		{C88AAB28-284F-1055-450F-94555ED936D8}.Release|Any CPU.Build.0 = Release|Any CPU
		{4B4430ED-AB90-CA22-5DD9-4FBBF427EC02}.Debug|Any CPU.ActiveCfg = Debug|Any CPU
		{4B4430ED-AB90-CA22-5DD9-4FBBF427EC02}.Debug|Any CPU.Build.0 = Debug|Any CPU
		{4B4430ED-AB90-CA22-5DD9-4FBBF427EC02}.Release|Any CPU.ActiveCfg = Release|Any CPU
		{4B4430ED-AB90-CA22-5DD9-4FBBF427EC02}.Release|Any CPU.Build.0 = Release|Any CPU
		{F9CBF61F-CECE-45DD-A5C4-234B5413B17D}.Debug|Any CPU.ActiveCfg = Debug|Any CPU
		{F9CBF61F-CECE-45DD-A5C4-234B5413B17D}.Debug|Any CPU.Build.0 = Debug|Any CPU
		{F9CBF61F-CECE-45DD-A5C4-234B5413B17D}.Release|Any CPU.ActiveCfg = Release|Any CPU
		{F9CBF61F-CECE-45DD-A5C4-234B5413B17D}.Release|Any CPU.Build.0 = Release|Any CPU
		{BFB8158F-63C0-6160-907B-0320A8958C70}.Debug|Any CPU.ActiveCfg = Debug|Any CPU
		{BFB8158F-63C0-6160-907B-0320A8958C70}.Debug|Any CPU.Build.0 = Debug|Any CPU
		{BFB8158F-63C0-6160-907B-0320A8958C70}.Release|Any CPU.ActiveCfg = Release|Any CPU
		{BFB8158F-63C0-6160-907B-0320A8958C70}.Release|Any CPU.Build.0 = Release|Any CPU
		{B6EAB742-1C78-C8BE-59D1-32EFA46C60D2}.Debug|Any CPU.ActiveCfg = Debug|Any CPU
		{B6EAB742-1C78-C8BE-59D1-32EFA46C60D2}.Debug|Any CPU.Build.0 = Debug|Any CPU
		{B6EAB742-1C78-C8BE-59D1-32EFA46C60D2}.Release|Any CPU.ActiveCfg = Release|Any CPU
		{B6EAB742-1C78-C8BE-59D1-32EFA46C60D2}.Release|Any CPU.Build.0 = Release|Any CPU
		{8577E3CD-421D-0C00-5142-139D6BB91B96}.Debug|Any CPU.ActiveCfg = Debug|Any CPU
		{8577E3CD-421D-0C00-5142-139D6BB91B96}.Debug|Any CPU.Build.0 = Debug|Any CPU
		{8577E3CD-421D-0C00-5142-139D6BB91B96}.Release|Any CPU.ActiveCfg = Release|Any CPU
		{8577E3CD-421D-0C00-5142-139D6BB91B96}.Release|Any CPU.Build.0 = Release|Any CPU
		{22A9BB88-22B3-519A-A6C3-27631881EA25}.Debug|Any CPU.ActiveCfg = Debug|Any CPU
		{22A9BB88-22B3-519A-A6C3-27631881EA25}.Debug|Any CPU.Build.0 = Debug|Any CPU
		{22A9BB88-22B3-519A-A6C3-27631881EA25}.Release|Any CPU.ActiveCfg = Release|Any CPU
		{22A9BB88-22B3-519A-A6C3-27631881EA25}.Release|Any CPU.Build.0 = Release|Any CPU
		{23F065B2-D139-46D1-A54D-C25D14EB648F}.Debug|Any CPU.ActiveCfg = Debug|Any CPU
		{23F065B2-D139-46D1-A54D-C25D14EB648F}.Debug|Any CPU.Build.0 = Debug|Any CPU
		{23F065B2-D139-46D1-A54D-C25D14EB648F}.Release|Any CPU.ActiveCfg = Release|Any CPU
		{23F065B2-D139-46D1-A54D-C25D14EB648F}.Release|Any CPU.Build.0 = Release|Any CPU
		{0BEFCE88-9B98-D90B-F26A-5BD4B67F71E8}.Debug|Any CPU.ActiveCfg = Debug|Any CPU
		{0BEFCE88-9B98-D90B-F26A-5BD4B67F71E8}.Debug|Any CPU.Build.0 = Debug|Any CPU
		{0BEFCE88-9B98-D90B-F26A-5BD4B67F71E8}.Release|Any CPU.ActiveCfg = Release|Any CPU
		{0BEFCE88-9B98-D90B-F26A-5BD4B67F71E8}.Release|Any CPU.Build.0 = Release|Any CPU
		{296AB67D-05ED-FA38-AA00-DCBE2A421CCA}.Debug|Any CPU.ActiveCfg = Debug|Any CPU
		{296AB67D-05ED-FA38-AA00-DCBE2A421CCA}.Debug|Any CPU.Build.0 = Debug|Any CPU
		{296AB67D-05ED-FA38-AA00-DCBE2A421CCA}.Release|Any CPU.ActiveCfg = Release|Any CPU
		{296AB67D-05ED-FA38-AA00-DCBE2A421CCA}.Release|Any CPU.Build.0 = Release|Any CPU
		{B90048C3-CE5E-A68A-8347-1F13EB689ADC}.Debug|Any CPU.ActiveCfg = Debug|Any CPU
		{B90048C3-CE5E-A68A-8347-1F13EB689ADC}.Debug|Any CPU.Build.0 = Debug|Any CPU
		{B90048C3-CE5E-A68A-8347-1F13EB689ADC}.Release|Any CPU.ActiveCfg = Release|Any CPU
		{B90048C3-CE5E-A68A-8347-1F13EB689ADC}.Release|Any CPU.Build.0 = Release|Any CPU
	EndGlobalSection
	GlobalSection(SolutionProperties) = preSolution
		HideSolutionNode = FALSE
	EndGlobalSection
EndGlobal
